
Microsoft Visual Studio Solution File, Format Version 12.00
# Visual Studio Version 17
VisualStudioVersion = 17.1.32228.430
MinimumVisualStudioVersion = 10.0.40219.1
Project("{FAE04EC0-301F-11D3-BF4B-00C04F79EFBC}") = "Apiwithentity", "Apiwithentity\Apiwithentity.csproj", "{2BD21B1C-2FB8-40BF-81EE-82F2A770287D}"
EndProject
Global
	GlobalSection(SolutionConfigurationPlatforms) = preSolution
		Debug|Any CPU = Debug|Any CPU
		Release|Any CPU = Release|Any CPU
	EndGlobalSection
	GlobalSection(ProjectConfigurationPlatforms) = postSolution
		{2BD21B1C-2FB8-40BF-81EE-82F2A770287D}.Debug|Any CPU.ActiveCfg = Debug|Any CPU
		{2BD21B1C-2FB8-40BF-81EE-82F2A770287D}.Debug|Any CPU.Build.0 = Debug|Any CPU
		{2BD21B1C-2FB8-40BF-81EE-82F2A770287D}.Release|Any CPU.ActiveCfg = Release|Any CPU
		{2BD21B1C-2FB8-40BF-81EE-82F2A770287D}.Release|Any CPU.Build.0 = Release|Any CPU
	EndGlobalSection
	GlobalSection(SolutionProperties) = preSolution
		HideSolutionNode = FALSE
	EndGlobalSection
	GlobalSection(ExtensibilityGlobals) = postSolution
		SolutionGuid = {CD527DE4-6408-4A5F-BF15-871276D7964E}
	EndGlobalSection
EndGlobal
